
Microsoft Visual Studio Solution File, Format Version 12.00
# Visual Studio Version 16
VisualStudioVersion = 16.0.29613.14
MinimumVisualStudioVersion = 10.0.40219.1
Project("{9A19103F-16F7-4668-BE54-9A1E7A4F7556}") = "TreeQL.Core", "TreeQL.Core.csproj", "{62313F90-7136-460E-9F8C-002EEEB4487E}"
EndProject
Project("{FAE04EC0-301F-11D3-BF4B-00C04F79EFBC}") = "TreeQL.Tests", "..\TreeQL.Tests\TreeQL.Tests.csproj", "{58826A82-C014-4B18-A1F9-1BBE21AD2F79}"
EndProject
Global
	GlobalSection(SolutionConfigurationPlatforms) = preSolution
		Debug|Any CPU = Debug|Any CPU
		Release|Any CPU = Release|Any CPU
	EndGlobalSection
	GlobalSection(ProjectConfigurationPlatforms) = postSolution
		{62313F90-7136-460E-9F8C-002EEEB4487E}.Debug|Any CPU.ActiveCfg = Debug|Any CPU
		{62313F90-7136-460E-9F8C-002EEEB4487E}.Debug|Any CPU.Build.0 = Debug|Any CPU
		{62313F90-7136-460E-9F8C-002EEEB4487E}.Release|Any CPU.ActiveCfg = Release|Any CPU
		{62313F90-7136-460E-9F8C-002EEEB4487E}.Release|Any CPU.Build.0 = Release|Any CPU
		{58826A82-C014-4B18-A1F9-1BBE21AD2F79}.Debug|Any CPU.ActiveCfg = Debug|Any CPU
		{58826A82-C014-4B18-A1F9-1BBE21AD2F79}.Debug|Any CPU.Build.0 = Debug|Any CPU
		{58826A82-C014-4B18-A1F9-1BBE21AD2F79}.Release|Any CPU.ActiveCfg = Release|Any CPU
		{58826A82-C014-4B18-A1F9-1BBE21AD2F79}.Release|Any CPU.Build.0 = Release|Any CPU
	EndGlobalSection
	GlobalSection(SolutionProperties) = preSolution
		HideSolutionNode = FALSE
	EndGlobalSection
	GlobalSection(ExtensibilityGlobals) = postSolution
		SolutionGuid = {0E6D92DA-8132-4CF2-B04F-5FB4A9ED6F84}
	EndGlobalSection
EndGlobal
